// !$*UTF8*$!
{
	archiveVersion = 1;
	classes = {
	};
	objectVersion = 55;
	objects = {

/* Begin PBXBuildFile section */
		F454FB7C294AC74800310C56 /* ConversationsViewController.swift in Sources */ = {isa = PBXBuildFile; fileRef = F454FB7B294AC74800310C56 /* ConversationsViewController.swift */; };
		F454FB7E294AC75D00310C56 /* NewConversationViewController.swift in Sources */ = {isa = PBXBuildFile; fileRef = F454FB7D294AC75D00310C56 /* NewConversationViewController.swift */; };
		F454FB80294AC76C00310C56 /* RegisterViewController.swift in Sources */ = {isa = PBXBuildFile; fileRef = F454FB7F294AC76C00310C56 /* RegisterViewController.swift */; };
		F454FB82294AC77A00310C56 /* PhotoViewerViewController.swift in Sources */ = {isa = PBXBuildFile; fileRef = F454FB81294AC77A00310C56 /* PhotoViewerViewController.swift */; };
		F454FB84294AC7A900310C56 /* VideoPlayerViewController.swift in Sources */ = {isa = PBXBuildFile; fileRef = F454FB83294AC7A900310C56 /* VideoPlayerViewController.swift */; };
		F454FB87294AC8CA00310C56 /* ProfileViewController.swift in Sources */ = {isa = PBXBuildFile; fileRef = F454FB86294AC8CA00310C56 /* ProfileViewController.swift */; };
		F454FB89294ACF5100310C56 /* Extensions.swift in Sources */ = {isa = PBXBuildFile; fileRef = F454FB88294ACF5100310C56 /* Extensions.swift */; };
		F454FB8B294C105800310C56 /* DatabaseManager.swift in Sources */ = {isa = PBXBuildFile; fileRef = F454FB8A294C105800310C56 /* DatabaseManager.swift */; };
		F4BF74322949679D00871B55 /* AppDelegate.swift in Sources */ = {isa = PBXBuildFile; fileRef = F4BF74312949679D00871B55 /* AppDelegate.swift */; };
		F4BF74342949679D00871B55 /* SceneDelegate.swift in Sources */ = {isa = PBXBuildFile; fileRef = F4BF74332949679D00871B55 /* SceneDelegate.swift */; };
		F4BF74362949679D00871B55 /* LoginViewController.swift in Sources */ = {isa = PBXBuildFile; fileRef = F4BF74352949679D00871B55 /* LoginViewController.swift */; };
		F4BF74392949679D00871B55 /* Main.storyboard in Resources */ = {isa = PBXBuildFile; fileRef = F4BF74372949679D00871B55 /* Main.storyboard */; };
		F4BF743B2949679F00871B55 /* Assets.xcassets in Resources */ = {isa = PBXBuildFile; fileRef = F4BF743A2949679F00871B55 /* Assets.xcassets */; };
		F4BF743E2949679F00871B55 /* LaunchScreen.storyboard in Resources */ = {isa = PBXBuildFile; fileRef = F4BF743C2949679F00871B55 /* LaunchScreen.storyboard */; };
/* End PBXBuildFile section */

/* Begin PBXFileReference section */
		F454FB7B294AC74800310C56 /* ConversationsViewController.swift */ = {isa = PBXFileReference; lastKnownFileType = sourcecode.swift; path = ConversationsViewController.swift; sourceTree = "<group>"; };
		F454FB7D294AC75D00310C56 /* NewConversationViewController.swift */ = {isa = PBXFileReference; lastKnownFileType = sourcecode.swift; path = NewConversationViewController.swift; sourceTree = "<group>"; };
		F454FB7F294AC76C00310C56 /* RegisterViewController.swift */ = {isa = PBXFileReference; lastKnownFileType = sourcecode.swift; path = RegisterViewController.swift; sourceTree = "<group>"; };
		F454FB81294AC77A00310C56 /* PhotoViewerViewController.swift */ = {isa = PBXFileReference; lastKnownFileType = sourcecode.swift; path = PhotoViewerViewController.swift; sourceTree = "<group>"; };
		F454FB83294AC7A900310C56 /* VideoPlayerViewController.swift */ = {isa = PBXFileReference; lastKnownFileType = sourcecode.swift; path = VideoPlayerViewController.swift; sourceTree = "<group>"; };
		F454FB86294AC8CA00310C56 /* ProfileViewController.swift */ = {isa = PBXFileReference; lastKnownFileType = sourcecode.swift; path = ProfileViewController.swift; sourceTree = "<group>"; };
		F454FB88294ACF5100310C56 /* Extensions.swift */ = {isa = PBXFileReference; lastKnownFileType = sourcecode.swift; path = Extensions.swift; sourceTree = "<group>"; };
		F454FB8A294C105800310C56 /* DatabaseManager.swift */ = {isa = PBXFileReference; lastKnownFileType = sourcecode.swift; path = DatabaseManager.swift; sourceTree = "<group>"; };
		F4BF742E2949679D00871B55 /* SpacesChat.app */ = {isa = PBXFileReference; explicitFileType = wrapper.application; includeInIndex = 0; path = SpacesChat.app; sourceTree = BUILT_PRODUCTS_DIR; };
		F4BF74312949679D00871B55 /* AppDelegate.swift */ = {isa = PBXFileReference; lastKnownFileType = sourcecode.swift; path = AppDelegate.swift; sourceTree = "<group>"; };
		F4BF74332949679D00871B55 /* SceneDelegate.swift */ = {isa = PBXFileReference; lastKnownFileType = sourcecode.swift; path = SceneDelegate.swift; sourceTree = "<group>"; };
		F4BF74352949679D00871B55 /* LoginViewController.swift */ = {isa = PBXFileReference; lastKnownFileType = sourcecode.swift; path = LoginViewController.swift; sourceTree = "<group>"; };
		F4BF74382949679D00871B55 /* Base */ = {isa = PBXFileReference; lastKnownFileType = file.storyboard; name = Base; path = Base.lproj/Main.storyboard; sourceTree = "<group>"; };
		F4BF743A2949679F00871B55 /* Assets.xcassets */ = {isa = PBXFileReference; lastKnownFileType = folder.assetcatalog; path = Assets.xcassets; sourceTree = "<group>"; };
		F4BF743D2949679F00871B55 /* Base */ = {isa = PBXFileReference; lastKnownFileType = file.storyboard; name = Base; path = Base.lproj/LaunchScreen.storyboard; sourceTree = "<group>"; };
		F4BF743F2949679F00871B55 /* Info.plist */ = {isa = PBXFileReference; lastKnownFileType = text.plist.xml; path = Info.plist; sourceTree = "<group>"; };
/* End PBXFileReference section */

/* Begin PBXFrameworksBuildPhase section */
		F4BF742B2949679D00871B55 /* Frameworks */ = {
			isa = PBXFrameworksBuildPhase;
			buildActionMask = 2147483647;
			files = (
			);
			runOnlyForDeploymentPostprocessing = 0;
		};
/* End PBXFrameworksBuildPhase section */

/* Begin PBXGroup section */
		F454FB75294AC68A00310C56 /* Controllers */ = {
			isa = PBXGroup;
			children = (
				F454FB85294AC7B500310C56 /* Login */,
				F454FB7B294AC74800310C56 /* ConversationsViewController.swift */,
				F454FB7D294AC75D00310C56 /* NewConversationViewController.swift */,
				F454FB81294AC77A00310C56 /* PhotoViewerViewController.swift */,
				F454FB83294AC7A900310C56 /* VideoPlayerViewController.swift */,
				F454FB86294AC8CA00310C56 /* ProfileViewController.swift */,
			);
			path = Controllers;
			sourceTree = "<group>";
		};
		F454FB76294AC69100310C56 /* Views */ = {
			isa = PBXGroup;
			children = (
				F4BF743A2949679F00871B55 /* Assets.xcassets */,
				F454FB7A294AC6D000310C56 /* Storyboards */,
			);
			path = Views;
			sourceTree = "<group>";
		};
		F454FB77294AC69D00310C56 /* Models */ = {
			isa = PBXGroup;
			children = (
			);
			path = Models;
			sourceTree = "<group>";
		};
		F454FB78294AC6A500310C56 /* ViewModels */ = {
			isa = PBXGroup;
			children = (
			);
			path = ViewModels;
			sourceTree = "<group>";
		};
		F454FB79294AC6B500310C56 /* Resources */ = {
			isa = PBXGroup;
			children = (
				F4BF74312949679D00871B55 /* AppDelegate.swift */,
				F4BF74332949679D00871B55 /* SceneDelegate.swift */,
				F454FB88294ACF5100310C56 /* Extensions.swift */,
				F454FB8A294C105800310C56 /* DatabaseManager.swift */,
			);
			path = Resources;
			sourceTree = "<group>";
		};
		F454FB7A294AC6D000310C56 /* Storyboards */ = {
			isa = PBXGroup;
			children = (
				F4BF74372949679D00871B55 /* Main.storyboard */,
				F4BF743C2949679F00871B55 /* LaunchScreen.storyboard */,
			);
			path = Storyboards;
			sourceTree = "<group>";
		};
		F454FB85294AC7B500310C56 /* Login */ = {
			isa = PBXGroup;
			children = (
				F454FB7F294AC76C00310C56 /* RegisterViewController.swift */,
				F4BF74352949679D00871B55 /* LoginViewController.swift */,
			);
			path = Login;
			sourceTree = "<group>";
		};
		F4BF74252949679D00871B55 = {
			isa = PBXGroup;
			children = (
				F4BF74302949679D00871B55 /* SpacesChat */,
				F4BF742F2949679D00871B55 /* Products */,
			);
			sourceTree = "<group>";
		};
		F4BF742F2949679D00871B55 /* Products */ = {
			isa = PBXGroup;
			children = (
				F4BF742E2949679D00871B55 /* SpacesChat.app */,
			);
			name = Products;
			sourceTree = "<group>";
		};
		F4BF74302949679D00871B55 /* SpacesChat */ = {
			isa = PBXGroup;
			children = (
				F454FB79294AC6B500310C56 /* Resources */,
				F454FB78294AC6A500310C56 /* ViewModels */,
				F454FB77294AC69D00310C56 /* Models */,
				F454FB76294AC69100310C56 /* Views */,
				F454FB75294AC68A00310C56 /* Controllers */,
				F4BF743F2949679F00871B55 /* Info.plist */,
			);
			path = SpacesChat;
			sourceTree = "<group>";
		};
/* End PBXGroup section */

/* Begin PBXNativeTarget section */
		F4BF742D2949679D00871B55 /* SpacesChat */ = {
			isa = PBXNativeTarget;
			buildConfigurationList = F4BF74422949679F00871B55 /* Build configuration list for PBXNativeTarget "SpacesChat" */;
			buildPhases = (
				F4BF742A2949679D00871B55 /* Sources */,
				F4BF742B2949679D00871B55 /* Frameworks */,
				F4BF742C2949679D00871B55 /* Resources */,
			);
			buildRules = (
			);
			dependencies = (
			);
			name = SpacesChat;
			productName = SpacesChat;
			productReference = F4BF742E2949679D00871B55 /* SpacesChat.app */;
			productType = "com.apple.product-type.application";
		};
/* End PBXNativeTarget section */

/* Begin PBXProject section */
		F4BF74262949679D00871B55 /* Project object */ = {
			isa = PBXProject;
			attributes = {
				BuildIndependentTargetsInParallel = 1;
				LastSwiftUpdateCheck = 1340;
				LastUpgradeCheck = 1340;
				TargetAttributes = {
					F4BF742D2949679D00871B55 = {
						CreatedOnToolsVersion = 13.4.1;
					};
				};
			};
			buildConfigurationList = F4BF74292949679D00871B55 /* Build configuration list for PBXProject "SpacesChat" */;
			compatibilityVersion = "Xcode 13.0";
			developmentRegion = en;
			hasScannedForEncodings = 0;
			knownRegions = (
				en,
				Base,
			);
			mainGroup = F4BF74252949679D00871B55;
			productRefGroup = F4BF742F2949679D00871B55 /* Products */;
			projectDirPath = "";
			projectRoot = "";
			targets = (
				F4BF742D2949679D00871B55 /* SpacesChat */,
			);
		};
/* End PBXProject section */

/* Begin PBXResourcesBuildPhase section */
		F4BF742C2949679D00871B55 /* Resources */ = {
			isa = PBXResourcesBuildPhase;
			buildActionMask = 2147483647;
			files = (
				F4BF743E2949679F00871B55 /* LaunchScreen.storyboard in Resources */,
				F4BF743B2949679F00871B55 /* Assets.xcassets in Resources */,
				F4BF74392949679D00871B55 /* Main.storyboard in Resources */,
			);
			runOnlyForDeploymentPostprocessing = 0;
		};
/* End PBXResourcesBuildPhase section */

/* Begin PBXSourcesBuildPhase section */
		F4BF742A2949679D00871B55 /* Sources */ = {
			isa = PBXSourcesBuildPhase;
			buildActionMask = 2147483647;
			files = (
				F4BF74362949679D00871B55 /* LoginViewController.swift in Sources */,
				F454FB8B294C105800310C56 /* DatabaseManager.swift in Sources */,
				F4BF74322949679D00871B55 /* AppDelegate.swift in Sources */,
				F4BF74342949679D00871B55 /* SceneDelegate.swift in Sources */,
				F454FB82294AC77A00310C56 /* PhotoViewerViewController.swift in Sources */,
				F454FB80294AC76C00310C56 /* RegisterViewController.swift in Sources */,
				F454FB89294ACF5100310C56 /* Extensions.swift in Sources */,
				F454FB84294AC7A900310C56 /* VideoPlayerViewController.swift in Sources */,
				F454FB87294AC8CA00310C56 /* ProfileViewController.swift in Sources */,
				F454FB7E294AC75D00310C56 /* NewConversationViewController.swift in Sources */,
				F454FB7C294AC74800310C56 /* ConversationsViewController.swift in Sources */,
			);
			runOnlyForDeploymentPostprocessing = 0;
		};
/* End PBXSourcesBuildPhase section */

/* Begin PBXVariantGroup section */
		F4BF74372949679D00871B55 /* Main.storyboard */ = {
			isa = PBXVariantGroup;
			children = (
				F4BF74382949679D00871B55 /* Base */,
			);
			name = Main.storyboard;
			sourceTree = "<group>";
		};
		F4BF743C2949679F00871B55 /* LaunchScreen.storyboard */ = {
			isa = PBXVariantGroup;
			children = (
				F4BF743D2949679F00871B55 /* Base */,
			);
			name = LaunchScreen.storyboard;
			sourceTree = "<group>";
		};
/* End PBXVariantGroup section */

/* Begin XCBuildConfiguration section */
		F4BF74402949679F00871B55 /* Debug */ = {
			isa = XCBuildConfiguration;
			buildSettings = {
				ALWAYS_SEARCH_USER_PATHS = NO;
				CLANG_ANALYZER_NONNULL = YES;
				CLANG_ANALYZER_NUMBER_OBJECT_CONVERSION = YES_AGGRESSIVE;
				CLANG_CXX_LANGUAGE_STANDARD = "gnu++17";
				CLANG_ENABLE_MODULES = YES;
				CLANG_ENABLE_OBJC_ARC = YES;
				CLANG_ENABLE_OBJC_WEAK = YES;
				CLANG_WARN_BLOCK_CAPTURE_AUTORELEASING = YES;
				CLANG_WARN_BOOL_CONVERSION = YES;
				CLANG_WARN_COMMA = YES;
				CLANG_WARN_CONSTANT_CONVERSION = YES;
				CLANG_WARN_DEPRECATED_OBJC_IMPLEMENTATIONS = YES;
				CLANG_WARN_DIRECT_OBJC_ISA_USAGE = YES_ERROR;
				CLANG_WARN_DOCUMENTATION_COMMENTS = YES;
				CLANG_WARN_EMPTY_BODY = YES;
				CLANG_WARN_ENUM_CONVERSION = YES;
				CLANG_WARN_INFINITE_RECURSION = YES;
				CLANG_WARN_INT_CONVERSION = YES;
				CLANG_WARN_NON_LITERAL_NULL_CONVERSION = YES;
				CLANG_WARN_OBJC_IMPLICIT_RETAIN_SELF = YES;
				CLANG_WARN_OBJC_LITERAL_CONVERSION = YES;
				CLANG_WARN_OBJC_ROOT_CLASS = YES_ERROR;
				CLANG_WARN_QUOTED_INCLUDE_IN_FRAMEWORK_HEADER = YES;
				CLANG_WARN_RANGE_LOOP_ANALYSIS = YES;
				CLANG_WARN_STRICT_PROTOTYPES = YES;
				CLANG_WARN_SUSPICIOUS_MOVE = YES;
				CLANG_WARN_UNGUARDED_AVAILABILITY = YES_AGGRESSIVE;
				CLANG_WARN_UNREACHABLE_CODE = YES;
				CLANG_WARN__DUPLICATE_METHOD_MATCH = YES;
				COPY_PHASE_STRIP = NO;
				DEBUG_INFORMATION_FORMAT = dwarf;
				ENABLE_STRICT_OBJC_MSGSEND = YES;
				ENABLE_TESTABILITY = YES;
				GCC_C_LANGUAGE_STANDARD = gnu11;
				GCC_DYNAMIC_NO_PIC = NO;
				GCC_NO_COMMON_BLOCKS = YES;
				GCC_OPTIMIZATION_LEVEL = 0;
				GCC_PREPROCESSOR_DEFINITIONS = (
					"DEBUG=1",
					"$(inherited)",
				);
				GCC_WARN_64_TO_32_BIT_CONVERSION = YES;
				GCC_WARN_ABOUT_RETURN_TYPE = YES_ERROR;
				GCC_WARN_UNDECLARED_SELECTOR = YES;
				GCC_WARN_UNINITIALIZED_AUTOS = YES_AGGRESSIVE;
				GCC_WARN_UNUSED_FUNCTION = YES;
				GCC_WARN_UNUSED_VARIABLE = YES;
				IPHONEOS_DEPLOYMENT_TARGET = 15.5;
				MTL_ENABLE_DEBUG_INFO = INCLUDE_SOURCE;
				MTL_FAST_MATH = YES;
				ONLY_ACTIVE_ARCH = YES;
				SDKROOT = iphoneos;
				SWIFT_ACTIVE_COMPILATION_CONDITIONS = DEBUG;
				SWIFT_OPTIMIZATION_LEVEL = "-Onone";
			};
			name = Debug;
		};
		F4BF74412949679F00871B55 /* Release */ = {
			isa = XCBuildConfiguration;
			buildSettings = {
				ALWAYS_SEARCH_USER_PATHS = NO;
				CLANG_ANALYZER_NONNULL = YES;
				CLANG_ANALYZER_NUMBER_OBJECT_CONVERSION = YES_AGGRESSIVE;
				CLANG_CXX_LANGUAGE_STANDARD = "gnu++17";
				CLANG_ENABLE_MODULES = YES;
				CLANG_ENABLE_OBJC_ARC = YES;
				CLANG_ENABLE_OBJC_WEAK = YES;
				CLANG_WARN_BLOCK_CAPTURE_AUTORELEASING = YES;
				CLANG_WARN_BOOL_CONVERSION = YES;
				CLANG_WARN_COMMA = YES;
				CLANG_WARN_CONSTANT_CONVERSION = YES;
				CLANG_WARN_DEPRECATED_OBJC_IMPLEMENTATIONS = YES;
				CLANG_WARN_DIRECT_OBJC_ISA_USAGE = YES_ERROR;
				CLANG_WARN_DOCUMENTATION_COMMENTS = YES;
				CLANG_WARN_EMPTY_BODY = YES;
				CLANG_WARN_ENUM_CONVERSION = YES;
				CLANG_WARN_INFINITE_RECURSION = YES;
				CLANG_WARN_INT_CONVERSION = YES;
				CLANG_WARN_NON_LITERAL_NULL_CONVERSION = YES;
				CLANG_WARN_OBJC_IMPLICIT_RETAIN_SELF = YES;
				CLANG_WARN_OBJC_LITERAL_CONVERSION = YES;
				CLANG_WARN_OBJC_ROOT_CLASS = YES_ERROR;
				CLANG_WARN_QUOTED_INCLUDE_IN_FRAMEWORK_HEADER = YES;
				CLANG_WARN_RANGE_LOOP_ANALYSIS = YES;
				CLANG_WARN_STRICT_PROTOTYPES = YES;
				CLANG_WARN_SUSPICIOUS_MOVE = YES;
				CLANG_WARN_UNGUARDED_AVAILABILITY = YES_AGGRESSIVE;
				CLANG_WARN_UNREACHABLE_CODE = YES;
				CLANG_WARN__DUPLICATE_METHOD_MATCH = YES;
				COPY_PHASE_STRIP = NO;
				DEBUG_INFORMATION_FORMAT = "dwarf-with-dsym";
				ENABLE_NS_ASSERTIONS = NO;
				ENABLE_STRICT_OBJC_MSGSEND = YES;
				GCC_C_LANGUAGE_STANDARD = gnu11;
				GCC_NO_COMMON_BLOCKS = YES;
				GCC_WARN_64_TO_32_BIT_CONVERSION = YES;
				GCC_WARN_ABOUT_RETURN_TYPE = YES_ERROR;
				GCC_WARN_UNDECLARED_SELECTOR = YES;
				GCC_WARN_UNINITIALIZED_AUTOS = YES_AGGRESSIVE;
				GCC_WARN_UNUSED_FUNCTION = YES;
				GCC_WARN_UNUSED_VARIABLE = YES;
				IPHONEOS_DEPLOYMENT_TARGET = 15.5;
				MTL_ENABLE_DEBUG_INFO = NO;
				MTL_FAST_MATH = YES;
				SDKROOT = iphoneos;
				SWIFT_COMPILATION_MODE = wholemodule;
				SWIFT_OPTIMIZATION_LEVEL = "-O";
				VALIDATE_PRODUCT = YES;
			};
			name = Release;
		};
		F4BF74432949679F00871B55 /* Debug */ = {
			isa = XCBuildConfiguration;
			buildSettings = {
				ASSETCATALOG_COMPILER_APPICON_NAME = AppIcon;
				ASSETCATALOG_COMPILER_GLOBAL_ACCENT_COLOR_NAME = AccentColor;
				CODE_SIGN_STYLE = Automatic;
				CURRENT_PROJECT_VERSION = 1;
				DEVELOPMENT_TEAM = 34RR9DC23K;
				GENERATE_INFOPLIST_FILE = YES;
				INFOPLIST_FILE = SpacesChat/Info.plist;
				INFOPLIST_KEY_UIApplicationSupportsIndirectInputEvents = YES;
				INFOPLIST_KEY_UILaunchStoryboardName = LaunchScreen;
				INFOPLIST_KEY_UIMainStoryboardFile = Main;
				INFOPLIST_KEY_UISupportedInterfaceOrientations = UIInterfaceOrientationPortrait;
				INFOPLIST_KEY_UISupportedInterfaceOrientations_iPad = "UIInterfaceOrientationPortrait UIInterfaceOrientationPortraitUpsideDown UIInterfaceOrientationLandscapeLeft UIInterfaceOrientationLandscapeRight";
				INFOPLIST_KEY_UISupportedInterfaceOrientations_iPhone = "UIInterfaceOrientationPortrait UIInterfaceOrientationLandscapeLeft UIInterfaceOrientationLandscapeRight";
				LD_RUNPATH_SEARCH_PATHS = (
					"$(inherited)",
					"@executable_path/Frameworks",
				);
				MARKETING_VERSION = 1.0;
				PRODUCT_BUNDLE_IDENTIFIER = ONO.SpacesChat;
				PRODUCT_NAME = "$(TARGET_NAME)";
				SWIFT_EMIT_LOC_STRINGS = YES;
				SWIFT_VERSION = 5.0;
				TARGETED_DEVICE_FAMILY = "1,2";
			};
			name = Debug;
		};
		F4BF74442949679F00871B55 /* Release */ = {
			isa = XCBuildConfiguration;
			buildSettings = {
				ASSETCATALOG_COMPILER_APPICON_NAME = AppIcon;
				ASSETCATALOG_COMPILER_GLOBAL_ACCENT_COLOR_NAME = AccentColor;
				CODE_SIGN_STYLE = Automatic;
				CURRENT_PROJECT_VERSION = 1;
				DEVELOPMENT_TEAM = 34RR9DC23K;
				GENERATE_INFOPLIST_FILE = YES;
				INFOPLIST_FILE = SpacesChat/Info.plist;
				INFOPLIST_KEY_UIApplicationSupportsIndirectInputEvents = YES;
				INFOPLIST_KEY_UILaunchStoryboardName = LaunchScreen;
				INFOPLIST_KEY_UIMainStoryboardFile = Main;
				INFOPLIST_KEY_UISupportedInterfaceOrientations = UIInterfaceOrientationPortrait;
				INFOPLIST_KEY_UISupportedInterfaceOrientations_iPad = "UIInterfaceOrientationPortrait UIInterfaceOrientationPortraitUpsideDown UIInterfaceOrientationLandscapeLeft UIInterfaceOrientationLandscapeRight";
				INFOPLIST_KEY_UISupportedInterfaceOrientations_iPhone = "UIInterfaceOrientationPortrait UIInterfaceOrientationLandscapeLeft UIInterfaceOrientationLandscapeRight";
				LD_RUNPATH_SEARCH_PATHS = (
					"$(inherited)",
					"@executable_path/Frameworks",
				);
				MARKETING_VERSION = 1.0;
				PRODUCT_BUNDLE_IDENTIFIER = ONO.SpacesChat;
				PRODUCT_NAME = "$(TARGET_NAME)";
				SWIFT_EMIT_LOC_STRINGS = YES;
				SWIFT_VERSION = 5.0;
				TARGETED_DEVICE_FAMILY = "1,2";
			};
			name = Release;
		};
/* End XCBuildConfiguration section */

/* Begin XCConfigurationList section */
		F4BF74292949679D00871B55 /* Build configuration list for PBXProject "SpacesChat" */ = {
			isa = XCConfigurationList;
			buildConfigurations = (
				F4BF74402949679F00871B55 /* Debug */,
				F4BF74412949679F00871B55 /* Release */,
			);
			defaultConfigurationIsVisible = 0;
			defaultConfigurationName = Release;
		};
		F4BF74422949679F00871B55 /* Build configuration list for PBXNativeTarget "SpacesChat" */ = {
			isa = XCConfigurationList;
			buildConfigurations = (
				F4BF74432949679F00871B55 /* Debug */,
				F4BF74442949679F00871B55 /* Release */,
			);
			defaultConfigurationIsVisible = 0;
			defaultConfigurationName = Release;
		};
/* End XCConfigurationList section */
	};
	rootObject = F4BF74262949679D00871B55 /* Project object */;
}
